
Microsoft Visual Studio Solution File, Format Version 12.00
# Visual Studio Version 17
VisualStudioVersion = 17.7.34221.43
MinimumVisualStudioVersion = 10.0.40219.1
Project("{FAE04EC0-301F-11D3-BF4B-00C04F79EFBC}") = "Bboard", "Bboard.csproj", "{63936219-767D-45ED-A0A7-5E1FB8CCA0FD}"
EndProject
Project("{FAE04EC0-301F-11D3-BF4B-00C04F79EFBC}") = "BboardWeb", "..\BboardWeb\BboardWeb.csproj", "{49CD6FB9-DB83-4B3E-B6F5-89054586DBA2}"
EndProject
Global
	GlobalSection(SolutionConfigurationPlatforms) = preSolution
		Debug|Any CPU = Debug|Any CPU
		Release|Any CPU = Release|Any CPU
	EndGlobalSection
	GlobalSection(ProjectConfigurationPlatforms) = postSolution
		{63936219-767D-45ED-A0A7-5E1FB8CCA0FD}.Debug|Any CPU.ActiveCfg = Debug|Any CPU
		{63936219-767D-45ED-A0A7-5E1FB8CCA0FD}.Debug|Any CPU.Build.0 = Debug|Any CPU
		{63936219-767D-45ED-A0A7-5E1FB8CCA0FD}.Release|Any CPU.ActiveCfg = Release|Any CPU
		{63936219-767D-45ED-A0A7-5E1FB8CCA0FD}.Release|Any CPU.Build.0 = Release|Any CPU
		{49CD6FB9-DB83-4B3E-B6F5-89054586DBA2}.Debug|Any CPU.ActiveCfg = Debug|Any CPU
		{49CD6FB9-DB83-4B3E-B6F5-89054586DBA2}.Debug|Any CPU.Build.0 = Debug|Any CPU
		{49CD6FB9-DB83-4B3E-B6F5-89054586DBA2}.Release|Any CPU.ActiveCfg = Release|Any CPU
		{49CD6FB9-DB83-4B3E-B6F5-89054586DBA2}.Release|Any CPU.Build.0 = Release|Any CPU
	EndGlobalSection
	GlobalSection(SolutionProperties) = preSolution
		HideSolutionNode = FALSE
	EndGlobalSection
	GlobalSection(ExtensibilityGlobals) = postSolution
		SolutionGuid = {4C8F098A-8CC1-4F12-B741-F10B3655E0BB}
	EndGlobalSection
EndGlobal
