
Microsoft Visual Studio Solution File, Format Version 12.00
# Visual Studio Version 17
VisualStudioVersion = 17.7.34221.43
MinimumVisualStudioVersion = 10.0.40219.1
Project("{FAE04EC0-301F-11D3-BF4B-00C04F79EFBC}") = "operatorTest", "operatorTest.csproj", "{1DAD4D6A-9DDB-4598-8EA8-0AC101E79039}"
EndProject
Project("{FAE04EC0-301F-11D3-BF4B-00C04F79EFBC}") = "TypeConversion", "..\TypeConversion\TypeConversion.csproj", "{D5587CFD-EF24-4A4B-A3DD-390522970FA5}"
EndProject
Global
	GlobalSection(SolutionConfigurationPlatforms) = preSolution
		Debug|Any CPU = Debug|Any CPU
		Release|Any CPU = Release|Any CPU
	EndGlobalSection
	GlobalSection(ProjectConfigurationPlatforms) = postSolution
		{1DAD4D6A-9DDB-4598-8EA8-0AC101E79039}.Debug|Any CPU.ActiveCfg = Debug|Any CPU
		{1DAD4D6A-9DDB-4598-8EA8-0AC101E79039}.Debug|Any CPU.Build.0 = Debug|Any CPU
		{1DAD4D6A-9DDB-4598-8EA8-0AC101E79039}.Release|Any CPU.ActiveCfg = Release|Any CPU
		{1DAD4D6A-9DDB-4598-8EA8-0AC101E79039}.Release|Any CPU.Build.0 = Release|Any CPU
		{D5587CFD-EF24-4A4B-A3DD-390522970FA5}.Debug|Any CPU.ActiveCfg = Debug|Any CPU
		{D5587CFD-EF24-4A4B-A3DD-390522970FA5}.Debug|Any CPU.Build.0 = Debug|Any CPU
		{D5587CFD-EF24-4A4B-A3DD-390522970FA5}.Release|Any CPU.ActiveCfg = Release|Any CPU
		{D5587CFD-EF24-4A4B-A3DD-390522970FA5}.Release|Any CPU.Build.0 = Release|Any CPU
	EndGlobalSection
	GlobalSection(SolutionProperties) = preSolution
		HideSolutionNode = FALSE
	EndGlobalSection
	GlobalSection(ExtensibilityGlobals) = postSolution
		SolutionGuid = {0F18B718-AC37-45C9-BB64-29A432C80A33}
	EndGlobalSection
EndGlobal
